
Microsoft Visual Studio Solution File, Format Version 12.00
# Visual Studio 15
VisualStudioVersion = 15.0.28307.1169
MinimumVisualStudioVersion = 10.0.40219.1
Project("{FAE04EC0-301F-11D3-BF4B-00C04F79EFBC}") = "RefactorThis.Domain", "RefactorThis.Domain\RefactorThis.Domain.csproj", "{5310B2FE-E26D-414E-B656-1F74C5A70368}"
EndProject
Project("{FAE04EC0-301F-11D3-BF4B-00C04F79EFBC}") = "RefactorThis.Domain.Tests", "RefactorThis.Domain.Tests\RefactorThis.Domain.Tests.csproj", "{7971BDEC-EAD1-4FB8-A4F5-B1F67E4F6355}"
EndProject
Project("{9A19103F-16F7-4668-BE54-9A1E7A4F7556}") = "RefactorThis.Persistence", "RefactorThis.Persistence\RefactorThis.Persistence.csproj", "{50F3F93C-6688-4B4B-8B30-3BDF6FA4485F}"
EndProject
Project("{2150E333-8FDC-42A3-9474-1A3956D46DE8}") = "Core", "Core", "{BBF15EAA-B29F-45C6-A09E-FB8A5013C54A}"
EndProject
Project("{2150E333-8FDC-42A3-9474-1A3956D46DE8}") = "Infrastructure", "Infrastructure", "{CA7EE1F5-DC76-405A-B21E-DA75E274DA10}"
EndProject
Project("{9A19103F-16F7-4668-BE54-9A1E7A4F7556}") = "RefactorThis.Application", "RefactorThis.Application\RefactorThis.Application.csproj", "{3560BEDF-9D1D-4522-AD47-07C50FC74292}"
EndProject
Project("{9A19103F-16F7-4668-BE54-9A1E7A4F7556}") = "RefactorThis.Domain.Entities", "RefactorThis.Domain.Entities\RefactorThis.Domain.Entities.csproj", "{A5047541-8CCC-496B-8A3D-FCA4F01154BB}"
EndProject
Project("{9A19103F-16F7-4668-BE54-9A1E7A4F7556}") = "RefactorThis.Domain.Services", "RefactorThis.Domain.Services\RefactorThis.Domain.Services.csproj", "{AF4F0A6B-3D74-4FE0-9300-A93970EAAA28}"
EndProject
Project("{9A19103F-16F7-4668-BE54-9A1E7A4F7556}") = "RefactorThis.Persistence.DataAccess", "RefactorThis.Persistence.DataAccess\RefactorThis.Persistence.DataAccess.csproj", "{3C3FAC74-C368-41B4-8B9E-357CDE7120BC}"
EndProject
Project("{9A19103F-16F7-4668-BE54-9A1E7A4F7556}") = "RefactorThis.Persistence.Repository", "RefactorThis.Persistence.Repository\RefactorThis.Persistence.Repository.csproj", "{E265F8AA-B61A-4F3B-BF51-6378AA09F342}"
EndProject
Project("{9A19103F-16F7-4668-BE54-9A1E7A4F7556}") = "RefactorThis.Persistence.Entities", "RefactorThis.Persistence.Entities\RefactorThis.Persistence.Entities.csproj", "{CAA6BDD9-D102-48C4-8C78-F81BD6822218}"
EndProject
Project("{2150E333-8FDC-42A3-9474-1A3956D46DE8}") = "Common", "Common", "{CDDD40FB-5BE3-4D87-88C7-C215ED6B65AC}"
EndProject
Global
	GlobalSection(SolutionConfigurationPlatforms) = preSolution
		Debug|Any CPU = Debug|Any CPU
		Release|Any CPU = Release|Any CPU
	EndGlobalSection
	GlobalSection(ProjectConfigurationPlatforms) = postSolution
		{5310B2FE-E26D-414E-B656-1F74C5A70368}.Debug|Any CPU.ActiveCfg = Debug|Any CPU
		{5310B2FE-E26D-414E-B656-1F74C5A70368}.Debug|Any CPU.Build.0 = Debug|Any CPU
		{5310B2FE-E26D-414E-B656-1F74C5A70368}.Release|Any CPU.ActiveCfg = Release|Any CPU
		{5310B2FE-E26D-414E-B656-1F74C5A70368}.Release|Any CPU.Build.0 = Release|Any CPU
		{7971BDEC-EAD1-4FB8-A4F5-B1F67E4F6355}.Debug|Any CPU.ActiveCfg = Debug|Any CPU
		{7971BDEC-EAD1-4FB8-A4F5-B1F67E4F6355}.Debug|Any CPU.Build.0 = Debug|Any CPU
		{7971BDEC-EAD1-4FB8-A4F5-B1F67E4F6355}.Release|Any CPU.ActiveCfg = Release|Any CPU
		{7971BDEC-EAD1-4FB8-A4F5-B1F67E4F6355}.Release|Any CPU.Build.0 = Release|Any CPU
		{50F3F93C-6688-4B4B-8B30-3BDF6FA4485F}.Debug|Any CPU.ActiveCfg = Debug|Any CPU
		{50F3F93C-6688-4B4B-8B30-3BDF6FA4485F}.Debug|Any CPU.Build.0 = Debug|Any CPU
		{50F3F93C-6688-4B4B-8B30-3BDF6FA4485F}.Release|Any CPU.ActiveCfg = Release|Any CPU
		{50F3F93C-6688-4B4B-8B30-3BDF6FA4485F}.Release|Any CPU.Build.0 = Release|Any CPU
		{3560BEDF-9D1D-4522-AD47-07C50FC74292}.Debug|Any CPU.ActiveCfg = Debug|Any CPU
		{3560BEDF-9D1D-4522-AD47-07C50FC74292}.Debug|Any CPU.Build.0 = Debug|Any CPU
		{3560BEDF-9D1D-4522-AD47-07C50FC74292}.Release|Any CPU.ActiveCfg = Release|Any CPU
		{3560BEDF-9D1D-4522-AD47-07C50FC74292}.Release|Any CPU.Build.0 = Release|Any CPU
		{A5047541-8CCC-496B-8A3D-FCA4F01154BB}.Debug|Any CPU.ActiveCfg = Debug|Any CPU
		{A5047541-8CCC-496B-8A3D-FCA4F01154BB}.Debug|Any CPU.Build.0 = Debug|Any CPU
		{A5047541-8CCC-496B-8A3D-FCA4F01154BB}.Release|Any CPU.ActiveCfg = Release|Any CPU
		{A5047541-8CCC-496B-8A3D-FCA4F01154BB}.Release|Any CPU.Build.0 = Release|Any CPU
		{AF4F0A6B-3D74-4FE0-9300-A93970EAAA28}.Debug|Any CPU.ActiveCfg = Debug|Any CPU
		{AF4F0A6B-3D74-4FE0-9300-A93970EAAA28}.Debug|Any CPU.Build.0 = Debug|Any CPU
		{AF4F0A6B-3D74-4FE0-9300-A93970EAAA28}.Release|Any CPU.ActiveCfg = Release|Any CPU
		{AF4F0A6B-3D74-4FE0-9300-A93970EAAA28}.Release|Any CPU.Build.0 = Release|Any CPU
		{3C3FAC74-C368-41B4-8B9E-357CDE7120BC}.Debug|Any CPU.ActiveCfg = Debug|Any CPU
		{3C3FAC74-C368-41B4-8B9E-357CDE7120BC}.Debug|Any CPU.Build.0 = Debug|Any CPU
		{3C3FAC74-C368-41B4-8B9E-357CDE7120BC}.Release|Any CPU.ActiveCfg = Release|Any CPU
		{3C3FAC74-C368-41B4-8B9E-357CDE7120BC}.Release|Any CPU.Build.0 = Release|Any CPU
		{E265F8AA-B61A-4F3B-BF51-6378AA09F342}.Debug|Any CPU.ActiveCfg = Debug|Any CPU
		{E265F8AA-B61A-4F3B-BF51-6378AA09F342}.Debug|Any CPU.Build.0 = Debug|Any CPU
		{E265F8AA-B61A-4F3B-BF51-6378AA09F342}.Release|Any CPU.ActiveCfg = Release|Any CPU
		{E265F8AA-B61A-4F3B-BF51-6378AA09F342}.Release|Any CPU.Build.0 = Release|Any CPU
		{CAA6BDD9-D102-48C4-8C78-F81BD6822218}.Debug|Any CPU.ActiveCfg = Debug|Any CPU
		{CAA6BDD9-D102-48C4-8C78-F81BD6822218}.Debug|Any CPU.Build.0 = Debug|Any CPU
		{CAA6BDD9-D102-48C4-8C78-F81BD6822218}.Release|Any CPU.ActiveCfg = Release|Any CPU
		{CAA6BDD9-D102-48C4-8C78-F81BD6822218}.Release|Any CPU.Build.0 = Release|Any CPU
	EndGlobalSection
	GlobalSection(SolutionProperties) = preSolution
		HideSolutionNode = FALSE
	EndGlobalSection
	GlobalSection(NestedProjects) = preSolution
		{5310B2FE-E26D-414E-B656-1F74C5A70368} = {BBF15EAA-B29F-45C6-A09E-FB8A5013C54A}
		{7971BDEC-EAD1-4FB8-A4F5-B1F67E4F6355} = {BBF15EAA-B29F-45C6-A09E-FB8A5013C54A}
		{50F3F93C-6688-4B4B-8B30-3BDF6FA4485F} = {CA7EE1F5-DC76-405A-B21E-DA75E274DA10}
		{3560BEDF-9D1D-4522-AD47-07C50FC74292} = {BBF15EAA-B29F-45C6-A09E-FB8A5013C54A}
		{A5047541-8CCC-496B-8A3D-FCA4F01154BB} = {BBF15EAA-B29F-45C6-A09E-FB8A5013C54A}
		{AF4F0A6B-3D74-4FE0-9300-A93970EAAA28} = {BBF15EAA-B29F-45C6-A09E-FB8A5013C54A}
		{3C3FAC74-C368-41B4-8B9E-357CDE7120BC} = {CA7EE1F5-DC76-405A-B21E-DA75E274DA10}
		{E265F8AA-B61A-4F3B-BF51-6378AA09F342} = {CA7EE1F5-DC76-405A-B21E-DA75E274DA10}
		{CAA6BDD9-D102-48C4-8C78-F81BD6822218} = {CA7EE1F5-DC76-405A-B21E-DA75E274DA10}
	EndGlobalSection
	GlobalSection(ExtensibilityGlobals) = postSolution
		SolutionGuid = {7FB0AEE7-839C-49E1-AE22-22A71AA2D379}
	EndGlobalSection
EndGlobal
